<?xml version="1.0" encoding="utf-8"?>
<Project ToolsVersion="4.0" xmlns="http://schemas.microsoft.com/developer/msbuild/2003">
  <ItemGroup>
    <Filter Include="Source Files">
      <UniqueIdentifier>{4FC737F1-C7A5-4376-A066-2A32D752A2FF}</UniqueIdentifier>
      <Extensions>cpp;c;cc;cxx;def;odl;idl;hpj;bat;asm;asmx</Extensions>
    </Filter>
    <Filter Include="Resource Files">
      <UniqueIdentifier>{67DA6AB6-F800-4c08-8B7A-83BB121AAD01}</UniqueIdentifier>
      <Extensions>rc;ico;cur;bmp;dlg;rc2;rct;bin;rgs;gif;jpg;jpeg;jpe;resx;tiff;tif;png;wav;mfcribbon-ms</Extensions>
    </Filter>
    <Filter Include="Global">
      <UniqueIdentifier>{8047e6d6-e6c5-428b-b620-75f37bb1333d}</UniqueIdentifier>
    </Filter>
    <Filter Include="Object">
      <UniqueIdentifier>{97a31ab0-793b-4f73-ba79-f6d1ef877705}</UniqueIdentifier>
    </Filter>
    <Filter Include="Object\Player">
      <UniqueIdentifier>{0efb1db8-bbb8-4422-948e-2a32d3e66c16}</UniqueIdentifier>
    </Filter>
    <Filter Include="Scene">
      <UniqueIdentifier>{f3aeab67-f445-44fb-84c8-cd0be185961e}</UniqueIdentifier>
    </Filter>
  </ItemGroup>
  <ItemGroup>
    <ClCompile Include="Animation.cpp">
      <Filter>Global</Filter>
    </ClCompile>
    <ClCompile Include="Collision.cpp">
      <Filter>Global</Filter>
    </ClCompile>
    <ClCompile Include="Game.cpp">
      <Filter>Global</Filter>
    </ClCompile>
    <ClCompile Include="Graphic.cpp">
      <Filter>Global</Filter>
    </ClCompile>
    <ClCompile Include="Keyboard.cpp">
      <Filter>Global</Filter>
    </ClCompile>
    <ClCompile Include="Sprite.cpp">
      <Filter>Global</Filter>
    </ClCompile>
    <ClCompile Include="Viewport.cpp">
      <Filter>Global</Filter>
    </ClCompile>
    <ClCompile Include="WinMain.cpp" />
    <ClCompile Include="SceneManager.cpp">
      <Filter>Scene</Filter>
    </ClCompile>
    <ClCompile Include="ObjectManager.cpp">
      <Filter>Object</Filter>
    </ClCompile>
  </ItemGroup>
  <ItemGroup>
    <ClInclude Include="Animation.h">
      <Filter>Global</Filter>
    </ClInclude>
    <ClInclude Include="Collision.h">
      <Filter>Global</Filter>
    </ClInclude>
    <ClInclude Include="Game.h">
      <Filter>Global</Filter>
    </ClInclude>
    <ClInclude Include="Graphic.h">
      <Filter>Global</Filter>
    </ClInclude>
    <ClInclude Include="Keyboard.h">
      <Filter>Global</Filter>
    </ClInclude>
    <ClInclude Include="Sprite.h">
      <Filter>Global</Filter>
    </ClInclude>
    <ClInclude Include="Viewport.h">
      <Filter>Global</Filter>
    </ClInclude>
    <ClInclude Include="GameDefine.h" />
    <ClInclude Include="SceneManager.h">
      <Filter>Scene</Filter>
    </ClInclude>
    <ClInclude Include="ObjectManager.h">
      <Filter>Object</Filter>
    </ClInclude>
  </ItemGroup>
  <ItemGroup>
    <None Include="packages.config" />
  </ItemGroup>
</Project>