<?xml version="1.0" encoding="utf-8"?>
<Project ToolsVersion="4.0" xmlns="http://schemas.microsoft.com/developer/msbuild/2003">
  <ItemGroup>
    <Filter Include="Source Files">
      <UniqueIdentifier>{4FC737F1-C7A5-4376-A066-2A32D752A2FF}</UniqueIdentifier>
      <Extensions>cpp;c;cc;cxx;def;odl;idl;hpj;bat;asm;asmx</Extensions>
    </Filter>
    <Filter Include="Map">
      <UniqueIdentifier>{06250ddd-d096-4707-a466-31c85084f294}</UniqueIdentifier>
    </Filter>
    <Filter Include="Object">
      <UniqueIdentifier>{43e5cefe-7663-40d6-a194-d126bf8330bd}</UniqueIdentifier>
    </Filter>
    <Filter Include="Sences">
      <UniqueIdentifier>{86ade1ed-2999-426c-a99a-0b02534b1afa}</UniqueIdentifier>
    </Filter>
    <Filter Include="TinyXMl">
      <UniqueIdentifier>{5966f949-bf17-4890-9b0b-6a0af42dfa5a}</UniqueIdentifier>
    </Filter>
    <Filter Include="Object\Player">
      <UniqueIdentifier>{5a40fc21-a108-41af-8059-c1456cef771a}</UniqueIdentifier>
    </Filter>
    <Filter Include="Global">
      <UniqueIdentifier>{8047e6d6-e6c5-428b-b620-75f37bb1333d}</UniqueIdentifier>
    </Filter>
  </ItemGroup>
  <ItemGroup>
    <ClCompile Include="TinyXML\tinystr.cpp">
      <Filter>TinyXMl</Filter>
    </ClCompile>
    <ClCompile Include="TinyXML\tinyxml.cpp">
      <Filter>TinyXMl</Filter>
    </ClCompile>
    <ClCompile Include="TinyXML\tinyxmlerror.cpp">
      <Filter>TinyXMl</Filter>
    </ClCompile>
    <ClCompile Include="TinyXML\tinyxmlparser.cpp">
      <Filter>TinyXMl</Filter>
    </ClCompile>
    <ClCompile Include="Animation.cpp">
      <Filter>Global</Filter>
    </ClCompile>
    <ClCompile Include="Collision.cpp">
      <Filter>Global</Filter>
    </ClCompile>
    <ClCompile Include="Game.cpp">
      <Filter>Global</Filter>
    </ClCompile>
    <ClCompile Include="Graphic.cpp">
      <Filter>Global</Filter>
    </ClCompile>
    <ClCompile Include="Keyboard.cpp">
      <Filter>Global</Filter>
    </ClCompile>
    <ClCompile Include="Sprite.cpp">
      <Filter>Global</Filter>
    </ClCompile>
    <ClCompile Include="InfoMap.cpp">
      <Filter>Map</Filter>
    </ClCompile>
    <ClCompile Include="Mario.cpp">
      <Filter>Object\Player</Filter>
    </ClCompile>
    <ClCompile Include="SceneManager.cpp">
      <Filter>Sences</Filter>
    </ClCompile>
    <ClCompile Include="Viewport.cpp">
      <Filter>Global</Filter>
    </ClCompile>
    <ClCompile Include="TileSet.cpp">
      <Filter>Map</Filter>
    </ClCompile>
    <ClCompile Include="Map.cpp">
      <Filter>Map</Filter>
    </ClCompile>
    <ClCompile Include="WinMain.cpp" />
    <ClCompile Include="ObjectManager.cpp">
      <Filter>Object</Filter>
    </ClCompile>
    <ClCompile Include="Object.cpp">
      <Filter>Object</Filter>
    </ClCompile>
  </ItemGroup>
  <ItemGroup>
    <ClInclude Include="TinyXML\tinystr.h">
      <Filter>TinyXMl</Filter>
    </ClInclude>
    <ClInclude Include="TinyXML\tinyxml.h">
      <Filter>TinyXMl</Filter>
    </ClInclude>
    <ClInclude Include="Animation.h">
      <Filter>Global</Filter>
    </ClInclude>
    <ClInclude Include="Collision.h">
      <Filter>Global</Filter>
    </ClInclude>
    <ClInclude Include="Game.h">
      <Filter>Global</Filter>
    </ClInclude>
    <ClInclude Include="Graphic.h">
      <Filter>Global</Filter>
    </ClInclude>
    <ClInclude Include="Keyboard.h">
      <Filter>Global</Filter>
    </ClInclude>
    <ClInclude Include="Sprite.h">
      <Filter>Global</Filter>
    </ClInclude>
    <ClInclude Include="InfoMap.h">
      <Filter>Map</Filter>
    </ClInclude>
    <ClInclude Include="Mario.h">
      <Filter>Object\Player</Filter>
    </ClInclude>
    <ClInclude Include="SceneManager.h">
      <Filter>Sences</Filter>
    </ClInclude>
    <ClInclude Include="Viewport.h">
      <Filter>Global</Filter>
    </ClInclude>
    <ClInclude Include="TileSet.h">
      <Filter>Map</Filter>
    </ClInclude>
    <ClInclude Include="Map.h">
      <Filter>Map</Filter>
    </ClInclude>
    <ClInclude Include="GameDefine.h" />
    <ClInclude Include="ObjectManager.h">
      <Filter>Object</Filter>
    </ClInclude>
    <ClInclude Include="Object.h">
      <Filter>Object</Filter>
    </ClInclude>
  </ItemGroup>
</Project>